Microsoft Visual Studio Solution File, Format Version 12.00
# Visual Studio Version 17
VisualStudioVersion = 17.5.2.0
MinimumVisualStudioVersion = 10.0.40219.1
Project("{FAE04EC0-301F-11D3-BF4B-00C04F79EFBC}") = "HelloApp", "HelloApp\HelloApp.csproj", "{2DE6F97E-3A6F-1720-C887-42E6DEFDB3CC}"
EndProject
Global
	GlobalSection(SolutionConfigurationPlatforms) = preSolution
		Debug|Any CPU = Debug|Any CPU
		Release|Any CPU = Release|Any CPU
	EndGlobalSection
	GlobalSection(ProjectConfigurationPlatforms) = postSolution
		{2DE6F97E-3A6F-1720-C887-42E6DEFDB3CC}.Debug|Any CPU.ActiveCfg = Debug|Any CPU
		{2DE6F97E-3A6F-1720-C887-42E6DEFDB3CC}.Debug|Any CPU.Build.0 = Debug|Any CPU
		{2DE6F97E-3A6F-1720-C887-42E6DEFDB3CC}.Release|Any CPU.ActiveCfg = Release|Any CPU
		{2DE6F97E-3A6F-1720-C887-42E6DEFDB3CC}.Release|Any CPU.Build.0 = Release|Any CPU
	EndGlobalSection
	GlobalSection(SolutionProperties) = preSolution
		HideSolutionNode = FALSE
	EndGlobalSection
	GlobalSection(ExtensibilityGlobals) = postSolution
		SolutionGuid = {A4D07029-6673-4E03-BF35-41ACB9ACA67C}
	EndGlobalSection
EndGlobal
